
Microsoft Visual Studio Solution File, Format Version 12.00
# Visual Studio Version 17
VisualStudioVersion = 17.3.32929.385
MinimumVisualStudioVersion = 10.0.40219.1
Project("{9A19103F-16F7-4668-BE54-9A1E7A4F7556}") = "TestMTC1", "TestMTC\TestMTC1.csproj", "{293D31EE-79BE-41B5-8359-60792893AB80}"
EndProject
Project("{9A19103F-16F7-4668-BE54-9A1E7A4F7556}") = "TestMTC2", "TestMTC2\TestMTC2.csproj", "{5E04AE29-7BDD-4810-B20F-4E4D6E9EC265}"
EndProject
Project("{9A19103F-16F7-4668-BE54-9A1E7A4F7556}") = "TestMTC3", "TestMTC3\TestMTC3.csproj", "{92C9849B-B65C-44F8-88F9-B10C63ADC8C1}"
EndProject
Project("{9A19103F-16F7-4668-BE54-9A1E7A4F7556}") = "TestMTC4", "TestMTC4\TestMTC4.csproj", "{CBB41273-0E0D-4192-A995-D470F823115D}"
EndProject
Project("{9A19103F-16F7-4668-BE54-9A1E7A4F7556}") = "TestMTC5", "TestMTC5\TestMTC5.csproj", "{3610A2CA-7FEB-40C6-B61D-3AC4C8759562}"
EndProject
Global
	GlobalSection(SolutionConfigurationPlatforms) = preSolution
		Debug|Any CPU = Debug|Any CPU
		Release|Any CPU = Release|Any CPU
	EndGlobalSection
	GlobalSection(ProjectConfigurationPlatforms) = postSolution
		{293D31EE-79BE-41B5-8359-60792893AB80}.Debug|Any CPU.ActiveCfg = Debug|Any CPU
		{293D31EE-79BE-41B5-8359-60792893AB80}.Debug|Any CPU.Build.0 = Debug|Any CPU
		{293D31EE-79BE-41B5-8359-60792893AB80}.Release|Any CPU.ActiveCfg = Release|Any CPU
		{293D31EE-79BE-41B5-8359-60792893AB80}.Release|Any CPU.Build.0 = Release|Any CPU
		{5E04AE29-7BDD-4810-B20F-4E4D6E9EC265}.Debug|Any CPU.ActiveCfg = Debug|Any CPU
		{5E04AE29-7BDD-4810-B20F-4E4D6E9EC265}.Debug|Any CPU.Build.0 = Debug|Any CPU
		{5E04AE29-7BDD-4810-B20F-4E4D6E9EC265}.Release|Any CPU.ActiveCfg = Release|Any CPU
		{5E04AE29-7BDD-4810-B20F-4E4D6E9EC265}.Release|Any CPU.Build.0 = Release|Any CPU
		{92C9849B-B65C-44F8-88F9-B10C63ADC8C1}.Debug|Any CPU.ActiveCfg = Debug|Any CPU
		{92C9849B-B65C-44F8-88F9-B10C63ADC8C1}.Debug|Any CPU.Build.0 = Debug|Any CPU
		{92C9849B-B65C-44F8-88F9-B10C63ADC8C1}.Release|Any CPU.ActiveCfg = Release|Any CPU
		{92C9849B-B65C-44F8-88F9-B10C63ADC8C1}.Release|Any CPU.Build.0 = Release|Any CPU
		{CBB41273-0E0D-4192-A995-D470F823115D}.Debug|Any CPU.ActiveCfg = Debug|Any CPU
		{CBB41273-0E0D-4192-A995-D470F823115D}.Debug|Any CPU.Build.0 = Debug|Any CPU
		{CBB41273-0E0D-4192-A995-D470F823115D}.Release|Any CPU.ActiveCfg = Release|Any CPU
		{CBB41273-0E0D-4192-A995-D470F823115D}.Release|Any CPU.Build.0 = Release|Any CPU
		{3610A2CA-7FEB-40C6-B61D-3AC4C8759562}.Debug|Any CPU.ActiveCfg = Debug|Any CPU
		{3610A2CA-7FEB-40C6-B61D-3AC4C8759562}.Debug|Any CPU.Build.0 = Debug|Any CPU
		{3610A2CA-7FEB-40C6-B61D-3AC4C8759562}.Release|Any CPU.ActiveCfg = Release|Any CPU
		{3610A2CA-7FEB-40C6-B61D-3AC4C8759562}.Release|Any CPU.Build.0 = Release|Any CPU
	EndGlobalSection
	GlobalSection(SolutionProperties) = preSolution
		HideSolutionNode = FALSE
	EndGlobalSection
	GlobalSection(ExtensibilityGlobals) = postSolution
		SolutionGuid = {0AEB732D-E6CA-4FCA-AA0C-6AEBBD42A669}
	EndGlobalSection
EndGlobal
